
Microsoft Visual Studio Solution File, Format Version 12.00
# Visual Studio Version 17
VisualStudioVersion = 17.6.33723.286
MinimumVisualStudioVersion = 10.0.40219.1
Project("{FAE04EC0-301F-11D3-BF4B-00C04F79EFBC}") = "RoughDraftInventoryManagmentSystem", "RoughDraftInventoryManagmentSystem.csproj", "{EC411D73-5A95-4A0C-AABD-18A026F39003}"
EndProject
Global
	GlobalSection(SolutionConfigurationPlatforms) = preSolution
		Debug|Any CPU = Debug|Any CPU
		Release|Any CPU = Release|Any CPU
	EndGlobalSection
	GlobalSection(ProjectConfigurationPlatforms) = postSolution
		{EC411D73-5A95-4A0C-AABD-18A026F39003}.Debug|Any CPU.ActiveCfg = Debug|Any CPU
		{EC411D73-5A95-4A0C-AABD-18A026F39003}.Debug|Any CPU.Build.0 = Debug|Any CPU
		{EC411D73-5A95-4A0C-AABD-18A026F39003}.Release|Any CPU.ActiveCfg = Release|Any CPU
		{EC411D73-5A95-4A0C-AABD-18A026F39003}.Release|Any CPU.Build.0 = Release|Any CPU
	EndGlobalSection
	GlobalSection(SolutionProperties) = preSolution
		HideSolutionNode = FALSE
	EndGlobalSection
	GlobalSection(ExtensibilityGlobals) = postSolution
		SolutionGuid = {430A8C27-C372-4FD2-8B7F-9DC571B87507}
	EndGlobalSection
EndGlobal
